
Microsoft Visual Studio Solution File, Format Version 12.00
# Visual Studio Version 17
VisualStudioVersion = 17.14.36301.6
MinimumVisualStudioVersion = 10.0.40219.1
Project("{FAE04EC0-301F-11D3-BF4B-00C04F79EFBC}") = "ConsoleAppUsingDBFirstApproach", "ConsoleAppUsingDBFirstApproach\ConsoleAppUsingDBFirstApproach.csproj", "{B855986F-FE85-43D0-98D4-C75AB3053404}"
EndProject
Project("{FAE04EC0-301F-11D3-BF4B-00C04F79EFBC}") = "ConsoleAppUsingCodeFirstApproach", "ConsoleBasedCodeFirstApproach\ConsoleAppUsingCodeFirstApproach.csproj", "{104662DF-A3F7-4DAE-A877-05AFF4E06261}"
EndProject
Project("{FAE04EC0-301F-11D3-BF4B-00C04F79EFBC}") = "WebAppUsingDBFirstApproach", "WebAppUsingDBFirstApproach\WebAppUsingDBFirstApproach.csproj", "{64D15361-7605-4D9D-A9F1-CD46C7ABDC3D}"
EndProject
Project("{FAE04EC0-301F-11D3-BF4B-00C04F79EFBC}") = "WebAppUsingCodeFirstApproach", "WebAppUsingCodeFirstApproach\WebAppUsingCodeFirstApproach.csproj", "{087FCDD1-9CAF-4647-AC4B-718B207C305E}"
EndProject
Global
	GlobalSection(SolutionConfigurationPlatforms) = preSolution
		Debug|Any CPU = Debug|Any CPU
		Release|Any CPU = Release|Any CPU
	EndGlobalSection
	GlobalSection(ProjectConfigurationPlatforms) = postSolution
		{B855986F-FE85-43D0-98D4-C75AB3053404}.Debug|Any CPU.ActiveCfg = Debug|Any CPU
		{B855986F-FE85-43D0-98D4-C75AB3053404}.Debug|Any CPU.Build.0 = Debug|Any CPU
		{B855986F-FE85-43D0-98D4-C75AB3053404}.Release|Any CPU.ActiveCfg = Release|Any CPU
		{B855986F-FE85-43D0-98D4-C75AB3053404}.Release|Any CPU.Build.0 = Release|Any CPU
		{104662DF-A3F7-4DAE-A877-05AFF4E06261}.Debug|Any CPU.ActiveCfg = Debug|Any CPU
		{104662DF-A3F7-4DAE-A877-05AFF4E06261}.Debug|Any CPU.Build.0 = Debug|Any CPU
		{104662DF-A3F7-4DAE-A877-05AFF4E06261}.Release|Any CPU.ActiveCfg = Release|Any CPU
		{104662DF-A3F7-4DAE-A877-05AFF4E06261}.Release|Any CPU.Build.0 = Release|Any CPU
		{64D15361-7605-4D9D-A9F1-CD46C7ABDC3D}.Debug|Any CPU.ActiveCfg = Debug|Any CPU
		{64D15361-7605-4D9D-A9F1-CD46C7ABDC3D}.Debug|Any CPU.Build.0 = Debug|Any CPU
		{64D15361-7605-4D9D-A9F1-CD46C7ABDC3D}.Release|Any CPU.ActiveCfg = Release|Any CPU
		{64D15361-7605-4D9D-A9F1-CD46C7ABDC3D}.Release|Any CPU.Build.0 = Release|Any CPU
		{087FCDD1-9CAF-4647-AC4B-718B207C305E}.Debug|Any CPU.ActiveCfg = Debug|Any CPU
		{087FCDD1-9CAF-4647-AC4B-718B207C305E}.Debug|Any CPU.Build.0 = Debug|Any CPU
		{087FCDD1-9CAF-4647-AC4B-718B207C305E}.Release|Any CPU.ActiveCfg = Release|Any CPU
		{087FCDD1-9CAF-4647-AC4B-718B207C305E}.Release|Any CPU.Build.0 = Release|Any CPU
	EndGlobalSection
	GlobalSection(SolutionProperties) = preSolution
		HideSolutionNode = FALSE
	EndGlobalSection
	GlobalSection(ExtensibilityGlobals) = postSolution
		SolutionGuid = {ED157D59-245F-4B3C-A6AB-753E0ADCD1F6}
	EndGlobalSection
EndGlobal
